
Microsoft Visual Studio Solution File, Format Version 12.00
# Visual Studio 15
VisualStudioVersion = 15.0.28307.902
MinimumVisualStudioVersion = 10.0.40219.1
Project("{8BC9CEB8-8B4A-11D0-8D11-00A0C91BC942}") = "LaneDetection", "LaneDetection\LaneDetection.vcxproj", "{EB373C69-DED9-49C8-9560-6D9FDFF1B641}"
EndProject
Global
	GlobalSection(SolutionConfigurationPlatforms) = preSolution
		Debug|x64 = Debug|x64
		Release|x64 = Release|x64
	EndGlobalSection
	GlobalSection(ProjectConfigurationPlatforms) = postSolution
		{EB373C69-DED9-49C8-9560-6D9FDFF1B641}.Debug|x64.ActiveCfg = Debug|x64
		{EB373C69-DED9-49C8-9560-6D9FDFF1B641}.Debug|x64.Build.0 = Debug|x64
		{EB373C69-DED9-49C8-9560-6D9FDFF1B641}.Release|x64.ActiveCfg = Release|x64
		{EB373C69-DED9-49C8-9560-6D9FDFF1B641}.Release|x64.Build.0 = Release|x64
	EndGlobalSection
	GlobalSection(SolutionProperties) = preSolution
		HideSolutionNode = FALSE
	EndGlobalSection
	GlobalSection(ExtensibilityGlobals) = postSolution
		SolutionGuid = {A3E664EA-BC9F-48DD-AEA8-62C6B7F262D6}
	EndGlobalSection
EndGlobal
